<?xml version="1.0" encoding="utf-8"?>
<Project ToolsVersion="4.0" xmlns="http://schemas.microsoft.com/developer/msbuild/2003">
  <ItemGroup>
    <Filter Include="Source Files">
      <UniqueIdentifier>{4FC737F1-C7A5-4376-A066-2A32D752A2FF}</UniqueIdentifier>
      <Extensions>cpp;c;cc;cxx;c++;cppm;ixx;def;odl;idl;hpj;bat;asm;asmx</Extensions>
    </Filter>
    <Filter Include="Header Files">
      <UniqueIdentifier>{93995380-89BD-4b04-88EB-625FBE52EBFB}</UniqueIdentifier>
      <Extensions>h;hh;hpp;hxx;h++;hm;inl;inc;ipp;xsd</Extensions>
    </Filter>
    <Filter Include="Resource Files">
      <UniqueIdentifier>{67DA6AB6-F800-4c08-8B7A-83BB121AAD01}</UniqueIdentifier>
      <Extensions>rc;ico;cur;bmp;dlg;rc2;rct;bin;rgs;gif;jpg;jpeg;jpe;resx;tiff;tif;png;wav;mfcribbon-ms</Extensions>
    </Filter>
    <Filter Include="Header Files\Trie">
      <UniqueIdentifier>{68b9182b-ae44-4deb-8ff4-31bc6be18a34}</UniqueIdentifier>
    </Filter>
    <Filter Include="Header Files\BackTracking">
      <UniqueIdentifier>{0ddddcb0-c253-4719-860f-d1160469a43d}</UniqueIdentifier>
    </Filter>
    <Filter Include="Header Files\BruteForce">
      <UniqueIdentifier>{9c486332-81c3-475a-b92e-fa57a2ecf988}</UniqueIdentifier>
    </Filter>
    <Filter Include="Header Files\DFS">
      <UniqueIdentifier>{df8913a5-1a37-4a8e-ab32-9866033fe0f7}</UniqueIdentifier>
    </Filter>
    <Filter Include="Header Files\DP">
      <UniqueIdentifier>{eff33dce-bc4a-4ba8-b721-6f0a41327735}</UniqueIdentifier>
    </Filter>
    <Filter Include="Header Files\DataStructure">
      <UniqueIdentifier>{eda8819e-4d91-4ec6-8054-804fd441b41a}</UniqueIdentifier>
    </Filter>
  </ItemGroup>
  <ItemGroup>
    <ClCompile Include="main.cpp">
      <Filter>Source Files</Filter>
    </ClCompile>
    <ClCompile Include="QBase.h">
      <Filter>Header Files</Filter>
    </ClCompile>
    <ClCompile Include="Trie_Q5052.h">
      <Filter>Header Files\Trie</Filter>
    </ClCompile>
  </ItemGroup>
  <ItemGroup>
    <ClInclude Include="Trie_Q5670.h">
      <Filter>Header Files\Trie</Filter>
    </ClInclude>
    <ClInclude Include="Trie_Q13505.h">
      <Filter>Header Files\Trie</Filter>
    </ClInclude>
    <ClInclude Include="BackTracking_DFS_Q6603.h">
      <Filter>Header Files\BackTracking</Filter>
    </ClInclude>
    <ClInclude Include="BackTracking_DFS_Q15686.h">
      <Filter>Header Files\BackTracking</Filter>
    </ClInclude>
    <ClInclude Include="BruteForce_Q14500.h">
      <Filter>Header Files\BruteForce</Filter>
    </ClInclude>
    <ClInclude Include="DFS_Q14500.h">
      <Filter>Header Files\DFS</Filter>
    </ClInclude>
    <ClInclude Include="DP_Q14501.h">
      <Filter>Header Files\DP</Filter>
    </ClInclude>
    <ClInclude Include="DataStructure_Q1764.h">
      <Filter>Header Files\DataStructure</Filter>
    </ClInclude>
  </ItemGroup>
</Project>